
Microsoft Visual Studio Solution File, Format Version 12.00
# Visual Studio Version 16
VisualStudioVersion = 16.0.31410.357
MinimumVisualStudioVersion = 10.0.40219.1
Project("{9A19103F-16F7-4668-BE54-9A1E7A4F7556}") = "Raimun.Api", "Raimun.Api\Raimun.Api.csproj", "{2AF2A1F3-4F2A-49B0-9006-8B7AA096BF9C}"
EndProject
Project("{9A19103F-16F7-4668-BE54-9A1E7A4F7556}") = "Raimun.Data", "Raimun.Data\Raimun.Data.csproj", "{F6076C43-E322-4996-AA64-B3A6E607C124}"
EndProject
Project("{9A19103F-16F7-4668-BE54-9A1E7A4F7556}") = "Raimun.Core", "Raimun.Core\Raimun.Core.csproj", "{2EF9F930-C913-4A4D-BE40-8B3F5EEAD61E}"
EndProject
Project("{9A19103F-16F7-4668-BE54-9A1E7A4F7556}") = "Raimun.Domain", "Raimun.Domain\Raimun.Domain.csproj", "{1DF312BA-CBD4-4E8C-9BEC-EDBBB88DB8E7}"
EndProject
Project("{FAE04EC0-301F-11D3-BF4B-00C04F79EFBC}") = "Raimun.ConsoleApp", "Raimun.ConsoleApp\Raimun.ConsoleApp.csproj", "{F5AD707A-7726-423B-BFE9-FD7F8A9D9073}"
EndProject
Global
	GlobalSection(SolutionConfigurationPlatforms) = preSolution
		Debug|Any CPU = Debug|Any CPU
		Release|Any CPU = Release|Any CPU
	EndGlobalSection
	GlobalSection(ProjectConfigurationPlatforms) = postSolution
		{2AF2A1F3-4F2A-49B0-9006-8B7AA096BF9C}.Debug|Any CPU.ActiveCfg = Debug|Any CPU
		{2AF2A1F3-4F2A-49B0-9006-8B7AA096BF9C}.Debug|Any CPU.Build.0 = Debug|Any CPU
		{2AF2A1F3-4F2A-49B0-9006-8B7AA096BF9C}.Release|Any CPU.ActiveCfg = Release|Any CPU
		{2AF2A1F3-4F2A-49B0-9006-8B7AA096BF9C}.Release|Any CPU.Build.0 = Release|Any CPU
		{F6076C43-E322-4996-AA64-B3A6E607C124}.Debug|Any CPU.ActiveCfg = Debug|Any CPU
		{F6076C43-E322-4996-AA64-B3A6E607C124}.Debug|Any CPU.Build.0 = Debug|Any CPU
		{F6076C43-E322-4996-AA64-B3A6E607C124}.Release|Any CPU.ActiveCfg = Release|Any CPU
		{F6076C43-E322-4996-AA64-B3A6E607C124}.Release|Any CPU.Build.0 = Release|Any CPU
		{2EF9F930-C913-4A4D-BE40-8B3F5EEAD61E}.Debug|Any CPU.ActiveCfg = Debug|Any CPU
		{2EF9F930-C913-4A4D-BE40-8B3F5EEAD61E}.Debug|Any CPU.Build.0 = Debug|Any CPU
		{2EF9F930-C913-4A4D-BE40-8B3F5EEAD61E}.Release|Any CPU.ActiveCfg = Release|Any CPU
		{2EF9F930-C913-4A4D-BE40-8B3F5EEAD61E}.Release|Any CPU.Build.0 = Release|Any CPU
		{1DF312BA-CBD4-4E8C-9BEC-EDBBB88DB8E7}.Debug|Any CPU.ActiveCfg = Debug|Any CPU
		{1DF312BA-CBD4-4E8C-9BEC-EDBBB88DB8E7}.Debug|Any CPU.Build.0 = Debug|Any CPU
		{1DF312BA-CBD4-4E8C-9BEC-EDBBB88DB8E7}.Release|Any CPU.ActiveCfg = Release|Any CPU
		{1DF312BA-CBD4-4E8C-9BEC-EDBBB88DB8E7}.Release|Any CPU.Build.0 = Release|Any CPU
		{F5AD707A-7726-423B-BFE9-FD7F8A9D9073}.Debug|Any CPU.ActiveCfg = Debug|Any CPU
		{F5AD707A-7726-423B-BFE9-FD7F8A9D9073}.Debug|Any CPU.Build.0 = Debug|Any CPU
		{F5AD707A-7726-423B-BFE9-FD7F8A9D9073}.Release|Any CPU.ActiveCfg = Release|Any CPU
		{F5AD707A-7726-423B-BFE9-FD7F8A9D9073}.Release|Any CPU.Build.0 = Release|Any CPU
	EndGlobalSection
	GlobalSection(SolutionProperties) = preSolution
		HideSolutionNode = FALSE
	EndGlobalSection
	GlobalSection(ExtensibilityGlobals) = postSolution
		SolutionGuid = {3F184FBB-0CE4-48E7-92A4-8A75C2164987}
	EndGlobalSection
EndGlobal
